{
  "name": "hello_pwa.myridia.com",
  "version": "1.0.2",
  "lockfileVersion": 2,
  "requires": true,
  "packages": {
    "": {
      "name": "hello_pwa.myridia.com",
      "version": "1.0.2",
      "license": "GPL-3.0-or-later",
      "dependencies": {
        "log2textarea": "^1.1.1"
      }
    },
    "node_modules/log2textarea": {
      "version": "1.1.1",
      "resolved": "https://registry.npmjs.org/log2textarea/-/log2textarea-1.1.1.tgz",
      "integrity": "sha512-EB+jptv5do8BGEhAZxTik9JdZL9mPh1ldPjHvtY4wQuMZT9O+D3L0dIO2VhFlmbt4MbiHWGQ9N5wN05Aoew94g=="
    }
  },
  "dependencies": {
    "log2textarea": {
      "version": "1.1.1",
      "resolved": "https://registry.npmjs.org/log2textarea/-/log2textarea-1.1.1.tgz",
      "integrity": "sha512-EB+jptv5do8BGEhAZxTik9JdZL9mPh1ldPjHvtY4wQuMZT9O+D3L0dIO2VhFlmbt4MbiHWGQ9N5wN05Aoew94g=="
    }
  }
}
